// !$*UTF8*$!
{
	archiveVersion = 1;
	classes = {
	};
	objectVersion = 55;
	objects = {

/* Begin PBXBuildFile section */
		750E09DD28913E7900DED252 /* AccessibilityArticleApp.swift in Sources */ = {isa = PBXBuildFile; fileRef = 750E09DC28913E7900DED252 /* AccessibilityArticleApp.swift */; };
		750E09DF28913E7900DED252 /* ContentView.swift in Sources */ = {isa = PBXBuildFile; fileRef = 750E09DE28913E7900DED252 /* ContentView.swift */; };
		750E09E128913E7B00DED252 /* Assets.xcassets in Resources */ = {isa = PBXBuildFile; fileRef = 750E09E028913E7B00DED252 /* Assets.xcassets */; };
		750E09E428913E7B00DED252 /* Preview Assets.xcassets in Resources */ = {isa = PBXBuildFile; fileRef = 750E09E328913E7B00DED252 /* Preview Assets.xcassets */; };
		75E0DB75289407A800C782D2 /* AccessibilityUIKit in Frameworks */ = {isa = PBXBuildFile; productRef = 75E0DB74289407A800C782D2 /* AccessibilityUIKit */; };
		75E0DB7728940DF800C782D2 /* IntroViewControllerRepresentable.swift in Sources */ = {isa = PBXBuildFile; fileRef = 75E0DB7628940DF800C782D2 /* IntroViewControllerRepresentable.swift */; };
		75E0DB7B28941AB600C782D2 /* AccessibilitySwiftUI in Frameworks */ = {isa = PBXBuildFile; productRef = 75E0DB7A28941AB600C782D2 /* AccessibilitySwiftUI */; };
/* End PBXBuildFile section */

/* Begin PBXFileReference section */
		750E09D928913E7900DED252 /* AccessibilityArticle.app */ = {isa = PBXFileReference; explicitFileType = wrapper.application; includeInIndex = 0; path = AccessibilityArticle.app; sourceTree = BUILT_PRODUCTS_DIR; };
		750E09DC28913E7900DED252 /* AccessibilityArticleApp.swift */ = {isa = PBXFileReference; lastKnownFileType = sourcecode.swift; path = AccessibilityArticleApp.swift; sourceTree = "<group>"; };
		750E09DE28913E7900DED252 /* ContentView.swift */ = {isa = PBXFileReference; lastKnownFileType = sourcecode.swift; path = ContentView.swift; sourceTree = "<group>"; };
		750E09E028913E7B00DED252 /* Assets.xcassets */ = {isa = PBXFileReference; lastKnownFileType = folder.assetcatalog; path = Assets.xcassets; sourceTree = "<group>"; };
		750E09E328913E7B00DED252 /* Preview Assets.xcassets */ = {isa = PBXFileReference; lastKnownFileType = folder.assetcatalog; path = "Preview Assets.xcassets"; sourceTree = "<group>"; };
		75E0DB712894066300C782D2 /* AccessibilityUIKit */ = {isa = PBXFileReference; lastKnownFileType = text; path = AccessibilityUIKit; sourceTree = SOURCE_ROOT; };
		75E0DB7628940DF800C782D2 /* IntroViewControllerRepresentable.swift */ = {isa = PBXFileReference; lastKnownFileType = sourcecode.swift; path = IntroViewControllerRepresentable.swift; sourceTree = "<group>"; };
		75E0DB7928941A4300C782D2 /* AccessibilitySwiftUI */ = {isa = PBXFileReference; lastKnownFileType = wrapper; path = AccessibilitySwiftUI; sourceTree = "<group>"; };
/* End PBXFileReference section */

/* Begin PBXFrameworksBuildPhase section */
		750E09D628913E7900DED252 /* Frameworks */ = {
			isa = PBXFrameworksBuildPhase;
			buildActionMask = 2147483647;
			files = (
				75E0DB75289407A800C782D2 /* AccessibilityUIKit in Frameworks */,
				75E0DB7B28941AB600C782D2 /* AccessibilitySwiftUI in Frameworks */,
			);
			runOnlyForDeploymentPostprocessing = 0;
		};
/* End PBXFrameworksBuildPhase section */

/* Begin PBXGroup section */
		750E09D028913E7900DED252 = {
			isa = PBXGroup;
			children = (
				750E09DB28913E7900DED252 /* AccessibilityArticle */,
				75E0DB7928941A4300C782D2 /* AccessibilitySwiftUI */,
				75E0DB712894066300C782D2 /* AccessibilityUIKit */,
				750E09DA28913E7900DED252 /* Products */,
				75E0DB73289407A800C782D2 /* Frameworks */,
			);
			sourceTree = "<group>";
		};
		750E09DA28913E7900DED252 /* Products */ = {
			isa = PBXGroup;
			children = (
				750E09D928913E7900DED252 /* AccessibilityArticle.app */,
			);
			name = Products;
			sourceTree = "<group>";
		};
		750E09DB28913E7900DED252 /* AccessibilityArticle */ = {
			isa = PBXGroup;
			children = (
				750E09DC28913E7900DED252 /* AccessibilityArticleApp.swift */,
				750E09DE28913E7900DED252 /* ContentView.swift */,
				75E0DB7628940DF800C782D2 /* IntroViewControllerRepresentable.swift */,
				750E09E028913E7B00DED252 /* Assets.xcassets */,
				750E09E228913E7B00DED252 /* Preview Content */,
			);
			path = AccessibilityArticle;
			sourceTree = "<group>";
		};
		750E09E228913E7B00DED252 /* Preview Content */ = {
			isa = PBXGroup;
			children = (
				750E09E328913E7B00DED252 /* Preview Assets.xcassets */,
			);
			path = "Preview Content";
			sourceTree = "<group>";
		};
		75E0DB73289407A800C782D2 /* Frameworks */ = {
			isa = PBXGroup;
			children = (
			);
			name = Frameworks;
			sourceTree = "<group>";
		};
/* End PBXGroup section */

/* Begin PBXNativeTarget section */
		750E09D828913E7900DED252 /* AccessibilityArticle */ = {
			isa = PBXNativeTarget;
			buildConfigurationList = 750E09E728913E7B00DED252 /* Build configuration list for PBXNativeTarget "AccessibilityArticle" */;
			buildPhases = (
				750E09D528913E7900DED252 /* Sources */,
				750E09D628913E7900DED252 /* Frameworks */,
				750E09D728913E7900DED252 /* Resources */,
			);
			buildRules = (
			);
			dependencies = (
			);
			name = AccessibilityArticle;
			packageProductDependencies = (
				75E0DB74289407A800C782D2 /* AccessibilityUIKit */,
				75E0DB7A28941AB600C782D2 /* AccessibilitySwiftUI */,
			);
			productName = AccessibilityArticle;
			productReference = 750E09D928913E7900DED252 /* AccessibilityArticle.app */;
			productType = "com.apple.product-type.application";
		};
/* End PBXNativeTarget section */

/* Begin PBXProject section */
		750E09D128913E7900DED252 /* Project object */ = {
			isa = PBXProject;
			attributes = {
				BuildIndependentTargetsInParallel = 1;
				LastSwiftUpdateCheck = 1340;
				LastUpgradeCheck = 1340;
				TargetAttributes = {
					750E09D828913E7900DED252 = {
						CreatedOnToolsVersion = 13.4.1;
					};
				};
			};
			buildConfigurationList = 750E09D428913E7900DED252 /* Build configuration list for PBXProject "AccessibilityArticle" */;
			compatibilityVersion = "Xcode 13.0";
			developmentRegion = en;
			hasScannedForEncodings = 0;
			knownRegions = (
				en,
				Base,
			);
			mainGroup = 750E09D028913E7900DED252;
			productRefGroup = 750E09DA28913E7900DED252 /* Products */;
			projectDirPath = "";
			projectRoot = "";
			targets = (
				750E09D828913E7900DED252 /* AccessibilityArticle */,
			);
		};
/* End PBXProject section */

/* Begin PBXResourcesBuildPhase section */
		750E09D728913E7900DED252 /* Resources */ = {
			isa = PBXResourcesBuildPhase;
			buildActionMask = 2147483647;
			files = (
				750E09E428913E7B00DED252 /* Preview Assets.xcassets in Resources */,
				750E09E128913E7B00DED252 /* Assets.xcassets in Resources */,
			);
			runOnlyForDeploymentPostprocessing = 0;
		};
/* End PBXResourcesBuildPhase section */

/* Begin PBXSourcesBuildPhase section */
		750E09D528913E7900DED252 /* Sources */ = {
			isa = PBXSourcesBuildPhase;
			buildActionMask = 2147483647;
			files = (
				75E0DB7728940DF800C782D2 /* IntroViewControllerRepresentable.swift in Sources */,
				750E09DF28913E7900DED252 /* ContentView.swift in Sources */,
				750E09DD28913E7900DED252 /* AccessibilityArticleApp.swift in Sources */,
			);
			runOnlyForDeploymentPostprocessing = 0;
		};
/* End PBXSourcesBuildPhase section */

/* Begin XCBuildConfiguration section */
		750E09E528913E7B00DED252 /* Debug */ = {
			isa = XCBuildConfiguration;
			buildSettings = {
				ALWAYS_SEARCH_USER_PATHS = NO;
				CLANG_ANALYZER_NONNULL = YES;
				CLANG_ANALYZER_NUMBER_OBJECT_CONVERSION = YES_AGGRESSIVE;
				CLANG_CXX_LANGUAGE_STANDARD = "gnu++17";
				CLANG_ENABLE_MODULES = YES;
				CLANG_ENABLE_OBJC_ARC = YES;
				CLANG_ENABLE_OBJC_WEAK = YES;
				CLANG_WARN_BLOCK_CAPTURE_AUTORELEASING = YES;
				CLANG_WARN_BOOL_CONVERSION = YES;
				CLANG_WARN_COMMA = YES;
				CLANG_WARN_CONSTANT_CONVERSION = YES;
				CLANG_WARN_DEPRECATED_OBJC_IMPLEMENTATIONS = YES;
				CLANG_WARN_DIRECT_OBJC_ISA_USAGE = YES_ERROR;
				CLANG_WARN_DOCUMENTATION_COMMENTS = YES;
				CLANG_WARN_EMPTY_BODY = YES;
				CLANG_WARN_ENUM_CONVERSION = YES;
				CLANG_WARN_INFINITE_RECURSION = YES;
				CLANG_WARN_INT_CONVERSION = YES;
				CLANG_WARN_NON_LITERAL_NULL_CONVERSION = YES;
				CLANG_WARN_OBJC_IMPLICIT_RETAIN_SELF = YES;
				CLANG_WARN_OBJC_LITERAL_CONVERSION = YES;
				CLANG_WARN_OBJC_ROOT_CLASS = YES_ERROR;
				CLANG_WARN_QUOTED_INCLUDE_IN_FRAMEWORK_HEADER = YES;
				CLANG_WARN_RANGE_LOOP_ANALYSIS = YES;
				CLANG_WARN_STRICT_PROTOTYPES = YES;
				CLANG_WARN_SUSPICIOUS_MOVE = YES;
				CLANG_WARN_UNGUARDED_AVAILABILITY = YES_AGGRESSIVE;
				CLANG_WARN_UNREACHABLE_CODE = YES;
				CLANG_WARN__DUPLICATE_METHOD_MATCH = YES;
				COPY_PHASE_STRIP = NO;
				DEBUG_INFORMATION_FORMAT = dwarf;
				ENABLE_STRICT_OBJC_MSGSEND = YES;
				ENABLE_TESTABILITY = YES;
				GCC_C_LANGUAGE_STANDARD = gnu11;
				GCC_DYNAMIC_NO_PIC = NO;
				GCC_NO_COMMON_BLOCKS = YES;
				GCC_OPTIMIZATION_LEVEL = 0;
				GCC_PREPROCESSOR_DEFINITIONS = (
					"DEBUG=1",
					"$(inherited)",
				);
				GCC_WARN_64_TO_32_BIT_CONVERSION = YES;
				GCC_WARN_ABOUT_RETURN_TYPE = YES_ERROR;
				GCC_WARN_UNDECLARED_SELECTOR = YES;
				GCC_WARN_UNINITIALIZED_AUTOS = YES_AGGRESSIVE;
				GCC_WARN_UNUSED_FUNCTION = YES;
				GCC_WARN_UNUSED_VARIABLE = YES;
				IPHONEOS_DEPLOYMENT_TARGET = 15.5;
				MTL_ENABLE_DEBUG_INFO = INCLUDE_SOURCE;
				MTL_FAST_MATH = YES;
				ONLY_ACTIVE_ARCH = YES;
				SDKROOT = iphoneos;
				SWIFT_ACTIVE_COMPILATION_CONDITIONS = DEBUG;
				SWIFT_OPTIMIZATION_LEVEL = "-Onone";
			};
			name = Debug;
		};
		750E09E628913E7B00DED252 /* Release */ = {
			isa = XCBuildConfiguration;
			buildSettings = {
				ALWAYS_SEARCH_USER_PATHS = NO;
				CLANG_ANALYZER_NONNULL = YES;
				CLANG_ANALYZER_NUMBER_OBJECT_CONVERSION = YES_AGGRESSIVE;
				CLANG_CXX_LANGUAGE_STANDARD = "gnu++17";
				CLANG_ENABLE_MODULES = YES;
				CLANG_ENABLE_OBJC_ARC = YES;
				CLANG_ENABLE_OBJC_WEAK = YES;
				CLANG_WARN_BLOCK_CAPTURE_AUTORELEASING = YES;
				CLANG_WARN_BOOL_CONVERSION = YES;
				CLANG_WARN_COMMA = YES;
				CLANG_WARN_CONSTANT_CONVERSION = YES;
				CLANG_WARN_DEPRECATED_OBJC_IMPLEMENTATIONS = YES;
				CLANG_WARN_DIRECT_OBJC_ISA_USAGE = YES_ERROR;
				CLANG_WARN_DOCUMENTATION_COMMENTS = YES;
				CLANG_WARN_EMPTY_BODY = YES;
				CLANG_WARN_ENUM_CONVERSION = YES;
				CLANG_WARN_INFINITE_RECURSION = YES;
				CLANG_WARN_INT_CONVERSION = YES;
				CLANG_WARN_NON_LITERAL_NULL_CONVERSION = YES;
				CLANG_WARN_OBJC_IMPLICIT_RETAIN_SELF = YES;
				CLANG_WARN_OBJC_LITERAL_CONVERSION = YES;
				CLANG_WARN_OBJC_ROOT_CLASS = YES_ERROR;
				CLANG_WARN_QUOTED_INCLUDE_IN_FRAMEWORK_HEADER = YES;
				CLANG_WARN_RANGE_LOOP_ANALYSIS = YES;
				CLANG_WARN_STRICT_PROTOTYPES = YES;
				CLANG_WARN_SUSPICIOUS_MOVE = YES;
				CLANG_WARN_UNGUARDED_AVAILABILITY = YES_AGGRESSIVE;
				CLANG_WARN_UNREACHABLE_CODE = YES;
				CLANG_WARN__DUPLICATE_METHOD_MATCH = YES;
				COPY_PHASE_STRIP = NO;
				DEBUG_INFORMATION_FORMAT = "dwarf-with-dsym";
				ENABLE_NS_ASSERTIONS = NO;
				ENABLE_STRICT_OBJC_MSGSEND = YES;
				GCC_C_LANGUAGE_STANDARD = gnu11;
				GCC_NO_COMMON_BLOCKS = YES;
				GCC_WARN_64_TO_32_BIT_CONVERSION = YES;
				GCC_WARN_ABOUT_RETURN_TYPE = YES_ERROR;
				GCC_WARN_UNDECLARED_SELECTOR = YES;
				GCC_WARN_UNINITIALIZED_AUTOS = YES_AGGRESSIVE;
				GCC_WARN_UNUSED_FUNCTION = YES;
				GCC_WARN_UNUSED_VARIABLE = YES;
				IPHONEOS_DEPLOYMENT_TARGET = 15.5;
				MTL_ENABLE_DEBUG_INFO = NO;
				MTL_FAST_MATH = YES;
				SDKROOT = iphoneos;
				SWIFT_COMPILATION_MODE = wholemodule;
				SWIFT_OPTIMIZATION_LEVEL = "-O";
				VALIDATE_PRODUCT = YES;
			};
			name = Release;
		};
		750E09E828913E7B00DED252 /* Debug */ = {
			isa = XCBuildConfiguration;
			buildSettings = {
				ASSETCATALOG_COMPILER_APPICON_NAME = AppIcon;
				ASSETCATALOG_COMPILER_GLOBAL_ACCENT_COLOR_NAME = AccentColor;
				CODE_SIGN_STYLE = Automatic;
				CURRENT_PROJECT_VERSION = 1;
				DEVELOPMENT_ASSET_PATHS = "\"AccessibilityArticle/Preview Content\"";
				ENABLE_PREVIEWS = YES;
				GENERATE_INFOPLIST_FILE = YES;
				INFOPLIST_KEY_UIApplicationSceneManifest_Generation = YES;
				INFOPLIST_KEY_UIApplicationSupportsIndirectInputEvents = YES;
				INFOPLIST_KEY_UILaunchScreen_Generation = YES;
				INFOPLIST_KEY_UISupportedInterfaceOrientations_iPad = "UIInterfaceOrientationPortrait UIInterfaceOrientationPortraitUpsideDown UIInterfaceOrientationLandscapeLeft UIInterfaceOrientationLandscapeRight";
				INFOPLIST_KEY_UISupportedInterfaceOrientations_iPhone = "UIInterfaceOrientationPortrait UIInterfaceOrientationLandscapeLeft UIInterfaceOrientationLandscapeRight";
				LD_RUNPATH_SEARCH_PATHS = (
					"$(inherited)",
					"@executable_path/Frameworks",
				);
				MARKETING_VERSION = 1.0;
				PRODUCT_BUNDLE_IDENTIFIER = com.AccessibilityArticle;
				PRODUCT_NAME = "$(TARGET_NAME)";
				SWIFT_EMIT_LOC_STRINGS = YES;
				SWIFT_VERSION = 5.0;
				TARGETED_DEVICE_FAMILY = "1,2";
			};
			name = Debug;
		};
		750E09E928913E7B00DED252 /* Release */ = {
			isa = XCBuildConfiguration;
			buildSettings = {
				ASSETCATALOG_COMPILER_APPICON_NAME = AppIcon;
				ASSETCATALOG_COMPILER_GLOBAL_ACCENT_COLOR_NAME = AccentColor;
				CODE_SIGN_STYLE = Automatic;
				CURRENT_PROJECT_VERSION = 1;
				DEVELOPMENT_ASSET_PATHS = "\"AccessibilityArticle/Preview Content\"";
				ENABLE_PREVIEWS = YES;
				GENERATE_INFOPLIST_FILE = YES;
				INFOPLIST_KEY_UIApplicationSceneManifest_Generation = YES;
				INFOPLIST_KEY_UIApplicationSupportsIndirectInputEvents = YES;
				INFOPLIST_KEY_UILaunchScreen_Generation = YES;
				INFOPLIST_KEY_UISupportedInterfaceOrientations_iPad = "UIInterfaceOrientationPortrait UIInterfaceOrientationPortraitUpsideDown UIInterfaceOrientationLandscapeLeft UIInterfaceOrientationLandscapeRight";
				INFOPLIST_KEY_UISupportedInterfaceOrientations_iPhone = "UIInterfaceOrientationPortrait UIInterfaceOrientationLandscapeLeft UIInterfaceOrientationLandscapeRight";
				LD_RUNPATH_SEARCH_PATHS = (
					"$(inherited)",
					"@executable_path/Frameworks",
				);
				MARKETING_VERSION = 1.0;
				PRODUCT_BUNDLE_IDENTIFIER = com.AccessibilityArticle;
				PRODUCT_NAME = "$(TARGET_NAME)";
				SWIFT_EMIT_LOC_STRINGS = YES;
				SWIFT_VERSION = 5.0;
				TARGETED_DEVICE_FAMILY = "1,2";
			};
			name = Release;
		};
/* End XCBuildConfiguration section */

/* Begin XCConfigurationList section */
		750E09D428913E7900DED252 /* Build configuration list for PBXProject "AccessibilityArticle" */ = {
			isa = XCConfigurationList;
			buildConfigurations = (
				750E09E528913E7B00DED252 /* Debug */,
				750E09E628913E7B00DED252 /* Release */,
			);
			defaultConfigurationIsVisible = 0;
			defaultConfigurationName = Release;
		};
		750E09E728913E7B00DED252 /* Build configuration list for PBXNativeTarget "AccessibilityArticle" */ = {
			isa = XCConfigurationList;
			buildConfigurations = (
				750E09E828913E7B00DED252 /* Debug */,
				750E09E928913E7B00DED252 /* Release */,
			);
			defaultConfigurationIsVisible = 0;
			defaultConfigurationName = Release;
		};
/* End XCConfigurationList section */

/* Begin XCSwiftPackageProductDependency section */
		75E0DB74289407A800C782D2 /* AccessibilityUIKit */ = {
			isa = XCSwiftPackageProductDependency;
			productName = AccessibilityUIKit;
		};
		75E0DB7A28941AB600C782D2 /* AccessibilitySwiftUI */ = {
			isa = XCSwiftPackageProductDependency;
			productName = AccessibilitySwiftUI;
		};
/* End XCSwiftPackageProductDependency section */
	};
	rootObject = 750E09D128913E7900DED252 /* Project object */;
}
